Microsoft Visual Studio Solution File, Format Version 12.00
# Visual Studio 14
VisualStudioVersion = 14.0.24720.0
MinimumVisualStudioVersion = 10.0.40219.1
Project("{FAE04EC0-301F-11D3-BF4B-00C04F79EFBC}") = "AllAuth.Lib", "src\AllAuth.Lib\AllAuth.Lib.csproj", "{C4F0810E-243E-419C-866B-F0FF5EBB0023}"
EndProject
Project("{FAE04EC0-301F-11D3-BF4B-00C04F79EFBC}") = "AllAuth.Lib.Db", "src\AllAuth.Lib.Db\AllAuth.Lib.Db.csproj", "{31739582-6BAC-41C9-97C0-460A9351D829}"
EndProject
Project("{FAE04EC0-301F-11D3-BF4B-00C04F79EFBC}") = "AllAuth.Lib.Db.Connection.Sqlite", "src\AllAuth.Lib.Db.Connection.Sqlite\AllAuth.Lib.Db.Connection.Sqlite.csproj", "{1BED036F-4D20-45EA-99C4-B78BC1E3A1D3}"
EndProject
Project("{FAE04EC0-301F-11D3-BF4B-00C04F79EFBC}") = "AllAuth.Lib.Db.Sqlite", "src\AllAuth.Lib.Db.Sqlite\AllAuth.Lib.Db.Sqlite.csproj", "{15719EF5-5F78-43CA-9C83-9E02A8EF6E91}"
EndProject
Project("{FAE04EC0-301F-11D3-BF4B-00C04F79EFBC}") = "AllAuth.Lib.Tests", "src\AllAuth.Lib.Tests\AllAuth.Lib.Tests.csproj", "{75307EA5-FF43-4D34-ABEB-F3AD19E0F271}"
EndProject
Global
	GlobalSection(SolutionConfigurationPlatforms) = preSolution
		Debug|Any CPU = Debug|Any CPU
		Debug|ARM = Debug|ARM
		Debug|iPhone = Debug|iPhone
		Debug|iPhoneSimulator = Debug|iPhoneSimulator
		Debug|x86 = Debug|x86
		Release|Any CPU = Release|Any CPU
		Release|ARM = Release|ARM
		Release|iPhone = Release|iPhone
		Release|iPhoneSimulator = Release|iPhoneSimulator
		Release|x86 = Release|x86
	EndGlobalSection
	GlobalSection(ProjectConfigurationPlatforms) = postSolution
		{C4F0810E-243E-419C-866B-F0FF5EBB0023}.Debug|Any CPU.ActiveCfg = Debug|Any CPU
		{C4F0810E-243E-419C-866B-F0FF5EBB0023}.Debug|Any CPU.Build.0 = Debug|Any CPU
		{C4F0810E-243E-419C-866B-F0FF5EBB0023}.Debug|ARM.ActiveCfg = Debug|Any CPU
		{C4F0810E-243E-419C-866B-F0FF5EBB0023}.Debug|ARM.Build.0 = Debug|Any CPU
		{C4F0810E-243E-419C-866B-F0FF5EBB0023}.Debug|iPhone.ActiveCfg = Debug|Any CPU
		{C4F0810E-243E-419C-866B-F0FF5EBB0023}.Debug|iPhone.Build.0 = Debug|Any CPU
		{C4F0810E-243E-419C-866B-F0FF5EBB0023}.Debug|iPhoneSimulator.ActiveCfg = Debug|Any CPU
		{C4F0810E-243E-419C-866B-F0FF5EBB0023}.Debug|iPhoneSimulator.Build.0 = Debug|Any CPU
		{C4F0810E-243E-419C-866B-F0FF5EBB0023}.Debug|x86.ActiveCfg = Debug|Any CPU
		{C4F0810E-243E-419C-866B-F0FF5EBB0023}.Debug|x86.Build.0 = Debug|Any CPU
		{C4F0810E-243E-419C-866B-F0FF5EBB0023}.Release|Any CPU.ActiveCfg = Release|Any CPU
		{C4F0810E-243E-419C-866B-F0FF5EBB0023}.Release|Any CPU.Build.0 = Release|Any CPU
		{C4F0810E-243E-419C-866B-F0FF5EBB0023}.Release|ARM.ActiveCfg = Release|Any CPU
		{C4F0810E-243E-419C-866B-F0FF5EBB0023}.Release|ARM.Build.0 = Release|Any CPU
		{C4F0810E-243E-419C-866B-F0FF5EBB0023}.Release|iPhone.ActiveCfg = Release|Any CPU
		{C4F0810E-243E-419C-866B-F0FF5EBB0023}.Release|iPhone.Build.0 = Release|Any CPU
		{C4F0810E-243E-419C-866B-F0FF5EBB0023}.Release|iPhoneSimulator.ActiveCfg = Release|Any CPU
		{C4F0810E-243E-419C-866B-F0FF5EBB0023}.Release|iPhoneSimulator.Build.0 = Release|Any CPU
		{C4F0810E-243E-419C-866B-F0FF5EBB0023}.Release|x86.ActiveCfg = Release|Any CPU
		{C4F0810E-243E-419C-866B-F0FF5EBB0023}.Release|x86.Build.0 = Release|Any CPU
		{31739582-6BAC-41C9-97C0-460A9351D829}.Debug|Any CPU.ActiveCfg = Debug|Any CPU
		{31739582-6BAC-41C9-97C0-460A9351D829}.Debug|Any CPU.Build.0 = Debug|Any CPU
		{31739582-6BAC-41C9-97C0-460A9351D829}.Debug|ARM.ActiveCfg = Debug|Any CPU
		{31739582-6BAC-41C9-97C0-460A9351D829}.Debug|ARM.Build.0 = Debug|Any CPU
		{31739582-6BAC-41C9-97C0-460A9351D829}.Debug|iPhone.ActiveCfg = Debug|Any CPU
		{31739582-6BAC-41C9-97C0-460A9351D829}.Debug|iPhone.Build.0 = Debug|Any CPU
		{31739582-6BAC-41C9-97C0-460A9351D829}.Debug|iPhoneSimulator.ActiveCfg = Debug|Any CPU
		{31739582-6BAC-41C9-97C0-460A9351D829}.Debug|iPhoneSimulator.Build.0 = Debug|Any CPU
		{31739582-6BAC-41C9-97C0-460A9351D829}.Debug|x86.ActiveCfg = Debug|Any CPU
		{31739582-6BAC-41C9-97C0-460A9351D829}.Debug|x86.Build.0 = Debug|Any CPU
		{31739582-6BAC-41C9-97C0-460A9351D829}.Release|Any CPU.ActiveCfg = Release|Any CPU
		{31739582-6BAC-41C9-97C0-460A9351D829}.Release|Any CPU.Build.0 = Release|Any CPU
		{31739582-6BAC-41C9-97C0-460A9351D829}.Release|ARM.ActiveCfg = Release|Any CPU
		{31739582-6BAC-41C9-97C0-460A9351D829}.Release|ARM.Build.0 = Release|Any CPU
		{31739582-6BAC-41C9-97C0-460A9351D829}.Release|iPhone.ActiveCfg = Release|Any CPU
		{31739582-6BAC-41C9-97C0-460A9351D829}.Release|iPhone.Build.0 = Release|Any CPU
		{31739582-6BAC-41C9-97C0-460A9351D829}.Release|iPhoneSimulator.ActiveCfg = Release|Any CPU
		{31739582-6BAC-41C9-97C0-460A9351D829}.Release|iPhoneSimulator.Build.0 = Release|Any CPU
		{31739582-6BAC-41C9-97C0-460A9351D829}.Release|x86.ActiveCfg = Release|Any CPU
		{31739582-6BAC-41C9-97C0-460A9351D829}.Release|x86.Build.0 = Release|Any CPU
		{1BED036F-4D20-45EA-99C4-B78BC1E3A1D3}.Debug|Any CPU.ActiveCfg = Debug|Any CPU
		{1BED036F-4D20-45EA-99C4-B78BC1E3A1D3}.Debug|Any CPU.Build.0 = Debug|Any CPU
		{1BED036F-4D20-45EA-99C4-B78BC1E3A1D3}.Debug|ARM.ActiveCfg = Debug|Any CPU
		{1BED036F-4D20-45EA-99C4-B78BC1E3A1D3}.Debug|ARM.Build.0 = Debug|Any CPU
		{1BED036F-4D20-45EA-99C4-B78BC1E3A1D3}.Debug|iPhone.ActiveCfg = Debug|Any CPU
		{1BED036F-4D20-45EA-99C4-B78BC1E3A1D3}.Debug|iPhone.Build.0 = Debug|Any CPU
		{1BED036F-4D20-45EA-99C4-B78BC1E3A1D3}.Debug|iPhoneSimulator.ActiveCfg = Debug|Any CPU
		{1BED036F-4D20-45EA-99C4-B78BC1E3A1D3}.Debug|iPhoneSimulator.Build.0 = Debug|Any CPU
		{1BED036F-4D20-45EA-99C4-B78BC1E3A1D3}.Debug|x86.ActiveCfg = Debug|Any CPU
		{1BED036F-4D20-45EA-99C4-B78BC1E3A1D3}.Debug|x86.Build.0 = Debug|Any CPU
		{1BED036F-4D20-45EA-99C4-B78BC1E3A1D3}.Release|Any CPU.ActiveCfg = Release|Any CPU
		{1BED036F-4D20-45EA-99C4-B78BC1E3A1D3}.Release|Any CPU.Build.0 = Release|Any CPU
		{1BED036F-4D20-45EA-99C4-B78BC1E3A1D3}.Release|ARM.ActiveCfg = Release|Any CPU
		{1BED036F-4D20-45EA-99C4-B78BC1E3A1D3}.Release|ARM.Build.0 = Release|Any CPU
		{1BED036F-4D20-45EA-99C4-B78BC1E3A1D3}.Release|iPhone.ActiveCfg = Release|Any CPU
		{1BED036F-4D20-45EA-99C4-B78BC1E3A1D3}.Release|iPhone.Build.0 = Release|Any CPU
		{1BED036F-4D20-45EA-99C4-B78BC1E3A1D3}.Release|iPhoneSimulator.ActiveCfg = Release|Any CPU
		{1BED036F-4D20-45EA-99C4-B78BC1E3A1D3}.Release|iPhoneSimulator.Build.0 = Release|Any CPU
		{1BED036F-4D20-45EA-99C4-B78BC1E3A1D3}.Release|x86.ActiveCfg = Release|Any CPU
		{1BED036F-4D20-45EA-99C4-B78BC1E3A1D3}.Release|x86.Build.0 = Release|Any CPU
		{15719EF5-5F78-43CA-9C83-9E02A8EF6E91}.Debug|Any CPU.ActiveCfg = Debug|Any CPU
		{15719EF5-5F78-43CA-9C83-9E02A8EF6E91}.Debug|Any CPU.Build.0 = Debug|Any CPU
		{15719EF5-5F78-43CA-9C83-9E02A8EF6E91}.Debug|ARM.ActiveCfg = Debug|Any CPU
		{15719EF5-5F78-43CA-9C83-9E02A8EF6E91}.Debug|ARM.Build.0 = Debug|Any CPU
		{15719EF5-5F78-43CA-9C83-9E02A8EF6E91}.Debug|iPhone.ActiveCfg = Debug|Any CPU
		{15719EF5-5F78-43CA-9C83-9E02A8EF6E91}.Debug|iPhone.Build.0 = Debug|Any CPU
		{15719EF5-5F78-43CA-9C83-9E02A8EF6E91}.Debug|iPhoneSimulator.ActiveCfg = Debug|Any CPU
		{15719EF5-5F78-43CA-9C83-9E02A8EF6E91}.Debug|iPhoneSimulator.Build.0 = Debug|Any CPU
		{15719EF5-5F78-43CA-9C83-9E02A8EF6E91}.Debug|x86.ActiveCfg = Debug|Any CPU
		{15719EF5-5F78-43CA-9C83-9E02A8EF6E91}.Debug|x86.Build.0 = Debug|Any CPU
		{15719EF5-5F78-43CA-9C83-9E02A8EF6E91}.Release|Any CPU.ActiveCfg = Release|Any CPU
		{15719EF5-5F78-43CA-9C83-9E02A8EF6E91}.Release|Any CPU.Build.0 = Release|Any CPU
		{15719EF5-5F78-43CA-9C83-9E02A8EF6E91}.Release|ARM.ActiveCfg = Release|Any CPU
		{15719EF5-5F78-43CA-9C83-9E02A8EF6E91}.Release|ARM.Build.0 = Release|Any CPU
		{15719EF5-5F78-43CA-9C83-9E02A8EF6E91}.Release|iPhone.ActiveCfg = Release|Any CPU
		{15719EF5-5F78-43CA-9C83-9E02A8EF6E91}.Release|iPhone.Build.0 = Release|Any CPU
		{15719EF5-5F78-43CA-9C83-9E02A8EF6E91}.Release|iPhoneSimulator.ActiveCfg = Release|Any CPU
		{15719EF5-5F78-43CA-9C83-9E02A8EF6E91}.Release|iPhoneSimulator.Build.0 = Release|Any CPU
		{15719EF5-5F78-43CA-9C83-9E02A8EF6E91}.Release|x86.ActiveCfg = Release|Any CPU
		{15719EF5-5F78-43CA-9C83-9E02A8EF6E91}.Release|x86.Build.0 = Release|Any CPU
		{75307EA5-FF43-4D34-ABEB-F3AD19E0F271}.Debug|Any CPU.ActiveCfg = Debug|Any CPU
		{75307EA5-FF43-4D34-ABEB-F3AD19E0F271}.Debug|Any CPU.Build.0 = Debug|Any CPU
		{75307EA5-FF43-4D34-ABEB-F3AD19E0F271}.Debug|ARM.ActiveCfg = Debug|Any CPU
		{75307EA5-FF43-4D34-ABEB-F3AD19E0F271}.Debug|ARM.Build.0 = Debug|Any CPU
		{75307EA5-FF43-4D34-ABEB-F3AD19E0F271}.Debug|iPhone.ActiveCfg = Debug|Any CPU
		{75307EA5-FF43-4D34-ABEB-F3AD19E0F271}.Debug|iPhone.Build.0 = Debug|Any CPU
		{75307EA5-FF43-4D34-ABEB-F3AD19E0F271}.Debug|iPhoneSimulator.ActiveCfg = Debug|Any CPU
		{75307EA5-FF43-4D34-ABEB-F3AD19E0F271}.Debug|iPhoneSimulator.Build.0 = Debug|Any CPU
		{75307EA5-FF43-4D34-ABEB-F3AD19E0F271}.Debug|x86.ActiveCfg = Debug|Any CPU
		{75307EA5-FF43-4D34-ABEB-F3AD19E0F271}.Debug|x86.Build.0 = Debug|Any CPU
		{75307EA5-FF43-4D34-ABEB-F3AD19E0F271}.Release|Any CPU.ActiveCfg = Release|Any CPU
		{75307EA5-FF43-4D34-ABEB-F3AD19E0F271}.Release|Any CPU.Build.0 = Release|Any CPU
		{75307EA5-FF43-4D34-ABEB-F3AD19E0F271}.Release|ARM.ActiveCfg = Release|Any CPU
		{75307EA5-FF43-4D34-ABEB-F3AD19E0F271}.Release|ARM.Build.0 = Release|Any CPU
		{75307EA5-FF43-4D34-ABEB-F3AD19E0F271}.Release|iPhone.ActiveCfg = Release|Any CPU
		{75307EA5-FF43-4D34-ABEB-F3AD19E0F271}.Release|iPhone.Build.0 = Release|Any CPU
		{75307EA5-FF43-4D34-ABEB-F3AD19E0F271}.Release|iPhoneSimulator.ActiveCfg = Release|Any CPU
		{75307EA5-FF43-4D34-ABEB-F3AD19E0F271}.Release|iPhoneSimulator.Build.0 = Release|Any CPU
		{75307EA5-FF43-4D34-ABEB-F3AD19E0F271}.Release|x86.ActiveCfg = Release|Any CPU
		{75307EA5-FF43-4D34-ABEB-F3AD19E0F271}.Release|x86.Build.0 = Release|Any CPU
	EndGlobalSection
	GlobalSection(SolutionProperties) = preSolution
		HideSolutionNode = FALSE
	EndGlobalSection
EndGlobal
